// !$*UTF8*$!
{
	archiveVersion = 1;
	classes = {
	};
	objectVersion = 46;
	objects = {

/* Begin PBXBuildFile section */
		3201088596B4756681693705 /* libThree20UICommon.a in Frameworks */ = {isa = PBXBuildFile; fileRef = 3201088596B4756681693704 /* libThree20UICommon.a */; };
		320A2827FEC940B25BC42C65 /* libThree20Core.a in Frameworks */ = {isa = PBXBuildFile; fileRef = 320A2827FEC940B25BC42C64 /* libThree20Core.a */; };
		320A5A189C235877202780D5 /* libThree20Network.a in Frameworks */ = {isa = PBXBuildFile; fileRef = 320A5A189C235877202780D4 /* libThree20Network.a */; };
		320A737074758E53BA54BE95 /* libThree20UINavigator.a in Frameworks */ = {isa = PBXBuildFile; fileRef = 320A737074758E53BA54BE94 /* libThree20UINavigator.a */; };
		320AF8492C47A4D819F7C451 /* QuartzCore.framework in Frameworks */ = {isa = PBXBuildFile; fileRef = 320AF8492C47A4D819F7C450 /* QuartzCore.framework */; };
		320B6C86F11D9990244A9731 /* Three20.bundle in Resources */ = {isa = PBXBuildFile; fileRef = 320B6C86F11D9990244A9730 /* Three20.bundle */; };
		320CC833B8AF0ACFD35E6225 /* libThree20Style.a in Frameworks */ = {isa = PBXBuildFile; fileRef = 320CC833B8AF0ACFD35E6224 /* libThree20Style.a */; };
		320D7DCCE32703ACAB9A45E5 /* libThree20.a in Frameworks */ = {isa = PBXBuildFile; fileRef = 320D7DCCE32703ACAB9A45E4 /* libThree20.a */; };
		320F2C48872C2E2C4DF86205 /* libThree20UI.a in Frameworks */ = {isa = PBXBuildFile; fileRef = 320F2C48872C2E2C4DF86204 /* libThree20UI.a */; };
		BE20306314C7F4810009E7EA /* UITextField+Extended.m in Sources */ = {isa = PBXBuildFile; fileRef = BE20306214C7F4810009E7EA /* UITextField+Extended.m */; };
		BE20306614CB1B770009E7EA /* LauncherController.m in Sources */ = {isa = PBXBuildFile; fileRef = BE20306514CB1B770009E7EA /* LauncherController.m */; };
		BE4AF6EF14BD6310009733AB /* libextThree20JSON+SBJSON.a in Frameworks */ = {isa = PBXBuildFile; fileRef = BE4AF6E214BD62BD009733AB /* libextThree20JSON+SBJSON.a */; };
		BE4AF77714BE8789009733AB /* vBulletin.bundle in Resources */ = {isa = PBXBuildFile; fileRef = BE4AF77614BE8789009733AB /* vBulletin.bundle */; };
		BE9256401495C36700EB6BFB /* Default.png in Resources */ = {isa = PBXBuildFile; fileRef = BE92563F1495C36700EB6BFB /* Default.png */; };
		BE9256431495C36B00EB6BFB /* Default@2x.png in Resources */ = {isa = PBXBuildFile; fileRef = BE9256421495C36B00EB6BFB /* Default@2x.png */; };
		BE92575B1496E1BF00EB6BFB /* vBulletin-Info.plist in Resources */ = {isa = PBXBuildFile; fileRef = BE9257571496E1BF00EB6BFB /* vBulletin-Info.plist */; };
		BE92575C1496E1BF00EB6BFB /* vBulletinAppDelegate.m in Sources */ = {isa = PBXBuildFile; fileRef = BE92575A1496E1BF00EB6BFB /* vBulletinAppDelegate.m */; };
		BE9257D31498569E00EB6BFB /* AccountLoginController.m in Sources */ = {isa = PBXBuildFile; fileRef = BE9257D21498569E00EB6BFB /* AccountLoginController.m */; };
		BE9257D9149857BD00EB6BFB /* UINavigationBar+CustomBackground.m in Sources */ = {isa = PBXBuildFile; fileRef = BE9257D6149857BD00EB6BFB /* UINavigationBar+CustomBackground.m */; };
		BE9257DA149857BD00EB6BFB /* vBulletinStyleSheet.m in Sources */ = {isa = PBXBuildFile; fileRef = BE9257D8149857BD00EB6BFB /* vBulletinStyleSheet.m */; };
		BEA11A731495C2410098110F /* UIKit.framework in Frameworks */ = {isa = PBXBuildFile; fileRef = BEA11A721495C2410098110F /* UIKit.framework */; };
		BEA11A751495C2410098110F /* Foundation.framework in Frameworks */ = {isa = PBXBuildFile; fileRef = BEA11A741495C2410098110F /* Foundation.framework */; };
		BEA11A771495C2410098110F /* CoreGraphics.framework in Frameworks */ = {isa = PBXBuildFile; fileRef = BEA11A761495C2410098110F /* CoreGraphics.framework */; };
		BEA11A7D1495C2410098110F /* InfoPlist.strings in Resources */ = {isa = PBXBuildFile; fileRef = BEA11A7B1495C2410098110F /* InfoPlist.strings */; };
		BEA11A7F1495C2410098110F /* main.m in Sources */ = {isa = PBXBuildFile; fileRef = BEA11A7E1495C2410098110F /* main.m */; };
		BEF4E17D14D648650036306B /* ForumHomeController.m in Sources */ = {isa = PBXBuildFile; fileRef = BEF4E17C14D648650036306B /* ForumHomeController.m */; };
/* End PBXBuildFile section */

/* Begin PBXContainerItemProxy section */
		3201088596B4756681693702 /* PBXContainerItemProxy */ = {
			isa = PBXContainerItemProxy;
			containerPortal = 3201088596B4756681693700 /* Three20UICommon.xcodeproj */;
			proxyType = 1;
			remoteGlobalIDString = BEF31F390F352DF5000DE5D2;
			remoteInfo = Three20UICommon;
		};
		3201088596B4756681693706 /* PBXContainerItemProxy */ = {
			isa = PBXContainerItemProxy;
			containerPortal = 3201088596B4756681693700 /* Three20UICommon.xcodeproj */;
			proxyType = 2;
			remoteGlobalIDString = BEF31F3A0F352DF5000DE5D2;
			remoteInfo = Three20UICommon;
		};
		320A2827FEC940B25BC42C62 /* PBXContainerItemProxy */ = {
			isa = PBXContainerItemProxy;
			containerPortal = 320A2827FEC940B25BC42C60 /* Three20Core.xcodeproj */;
			proxyType = 1;
			remoteGlobalIDString = BEF31F390F352DF5000DE5D2;
			remoteInfo = Three20Core;
		};
		320A2827FEC940B25BC42C66 /* PBXContainerItemProxy */ = {
			isa = PBXContainerItemProxy;
			containerPortal = 320A2827FEC940B25BC42C60 /* Three20Core.xcodeproj */;
			proxyType = 2;
			remoteGlobalIDString = BEF31F3A0F352DF5000DE5D2;
			remoteInfo = Three20Core;
		};
		320A5A189C235877202780D2 /* PBXContainerItemProxy */ = {
			isa = PBXContainerItemProxy;
			containerPortal = 320A5A189C235877202780D0 /* Three20Network.xcodeproj */;
			proxyType = 1;
			remoteGlobalIDString = BEF31F390F352DF5000DE5D2;
			remoteInfo = Three20Network;
		};
		320A5A189C235877202780D6 /* PBXContainerItemProxy */ = {
			isa = PBXContainerItemProxy;
			containerPortal = 320A5A189C235877202780D0 /* Three20Network.xcodeproj */;
			proxyType = 2;
			remoteGlobalIDString = BEF31F3A0F352DF5000DE5D2;
			remoteInfo = Three20Network;
		};
		320A737074758E53BA54BE92 /* PBXContainerItemProxy */ = {
			isa = PBXContainerItemProxy;
			containerPortal = 320A737074758E53BA54BE90 /* Three20UINavigator.xcodeproj */;
			proxyType = 1;
			remoteGlobalIDString = BEF31F390F352DF5000DE5D2;
			remoteInfo = Three20UINavigator;
		};
		320A737074758E53BA54BE96 /* PBXContainerItemProxy */ = {
			isa = PBXContainerItemProxy;
			containerPortal = 320A737074758E53BA54BE90 /* Three20UINavigator.xcodeproj */;
			proxyType = 2;
			remoteGlobalIDString = BEF31F3A0F352DF5000DE5D2;
			remoteInfo = Three20UINavigator;
		};
		320CC833B8AF0ACFD35E6222 /* PBXContainerItemProxy */ = {
			isa = PBXContainerItemProxy;
			containerPortal = 320CC833B8AF0ACFD35E6220 /* Three20Style.xcodeproj */;
			proxyType = 1;
			remoteGlobalIDString = BEF31F390F352DF5000DE5D2;
			remoteInfo = Three20Style;
		};
		320CC833B8AF0ACFD35E6226 /* PBXContainerItemProxy */ = {
			isa = PBXContainerItemProxy;
			containerPortal = 320CC833B8AF0ACFD35E6220 /* Three20Style.xcodeproj */;
			proxyType = 2;
			remoteGlobalIDString = BEF31F3A0F352DF5000DE5D2;
			remoteInfo = Three20Style;
		};
		320D7DCCE32703ACAB9A45E2 /* PBXContainerItemProxy */ = {
			isa = PBXContainerItemProxy;
			containerPortal = 320D7DCCE32703ACAB9A45E0 /* Three20.xcodeproj */;
			proxyType = 1;
			remoteGlobalIDString = BEF31F390F352DF5000DE5D2;
			remoteInfo = Three20;
		};
		320D7DCCE32703ACAB9A45E6 /* PBXContainerItemProxy */ = {
			isa = PBXContainerItemProxy;
			containerPortal = 320D7DCCE32703ACAB9A45E0 /* Three20.xcodeproj */;
			proxyType = 2;
			remoteGlobalIDString = BEF31F3A0F352DF5000DE5D2;
			remoteInfo = Three20;
		};
		320F2C48872C2E2C4DF86202 /* PBXContainerItemProxy */ = {
			isa = PBXContainerItemProxy;
			containerPortal = 320F2C48872C2E2C4DF86200 /* Three20UI.xcodeproj */;
			proxyType = 1;
			remoteGlobalIDString = BEF31F390F352DF5000DE5D2;
			remoteInfo = Three20UI;
		};
		320F2C48872C2E2C4DF86206 /* PBXContainerItemProxy */ = {
			isa = PBXContainerItemProxy;
			containerPortal = 320F2C48872C2E2C4DF86200 /* Three20UI.xcodeproj */;
			proxyType = 2;
			remoteGlobalIDString = BEF31F3A0F352DF5000DE5D2;
			remoteInfo = Three20UI;
		};
		BE4AF6E114BD62BD009733AB /* PBXContainerItemProxy */ = {
			isa = PBXContainerItemProxy;
			containerPortal = BE4AF6D514BD62BD009733AB /* extThree20JSON.xcodeproj */;
			proxyType = 2;
			remoteGlobalIDString = BEF31F3A0F352DF5000DE5D2;
			remoteInfo = "extThree20JSON+SBJSON";
		};
		BE4AF6E314BD62BD009733AB /* PBXContainerItemProxy */ = {
			isa = PBXContainerItemProxy;
			containerPortal = BE4AF6D514BD62BD009733AB /* extThree20JSON.xcodeproj */;
			proxyType = 2;
			remoteGlobalIDString = 6E645BD91187751200F08CB1;
			remoteInfo = "extThree20JSON+YAJL";
		};
		BE4AF6E514BD62BD009733AB /* PBXContainerItemProxy */ = {
			isa = PBXContainerItemProxy;
			containerPortal = BE4AF6D514BD62BD009733AB /* extThree20JSON.xcodeproj */;
			proxyType = 2;
			remoteGlobalIDString = EB9E6C6210B6A8F800DE563C;
			remoteInfo = "extThree20JSONUnitTests+SBJSON";
		};
		BE4AF6F014BD6321009733AB /* PBXContainerItemProxy */ = {
			isa = PBXContainerItemProxy;
			containerPortal = BE4AF6D514BD62BD009733AB /* extThree20JSON.xcodeproj */;
			proxyType = 1;
			remoteGlobalIDString = BEF31F390F352DF5000DE5D2;
			remoteInfo = "extThree20JSON+SBJSON";
		};
		BE9256761495C5DF00EB6BFB /* PBXContainerItemProxy */ = {
			isa = PBXContainerItemProxy;
			containerPortal = 320D7DCCE32703ACAB9A45E0 /* Three20.xcodeproj */;
			proxyType = 2;
			remoteGlobalIDString = EB9E6C6210B6A8F800DE563C;
			remoteInfo = Three20UnitTests;
		};
		BE9256791495C5DF00EB6BFB /* PBXContainerItemProxy */ = {
			isa = PBXContainerItemProxy;
			containerPortal = 320A2827FEC940B25BC42C60 /* Three20Core.xcodeproj */;
			proxyType = 2;
			remoteGlobalIDString = EB9E6C6210B6A8F800DE563C;
			remoteInfo = Three20CoreUnitTests;
		};
		BE92567C1495C5DF00EB6BFB /* PBXContainerItemProxy */ = {
			isa = PBXContainerItemProxy;
			containerPortal = 320A5A189C235877202780D0 /* Three20Network.xcodeproj */;
			proxyType = 2;
			remoteGlobalIDString = EB9E6C6210B6A8F800DE563C;
			remoteInfo = Three20NetworkUnitTests;
		};
		BE92567F1495C5DF00EB6BFB /* PBXContainerItemProxy */ = {
			isa = PBXContainerItemProxy;
			containerPortal = 320CC833B8AF0ACFD35E6220 /* Three20Style.xcodeproj */;
			proxyType = 2;
			remoteGlobalIDString = EB9E6C6210B6A8F800DE563C;
			remoteInfo = Three20StyleUnitTests;
		};
		BE9256821495C5DF00EB6BFB /* PBXContainerItemProxy */ = {
			isa = PBXContainerItemProxy;
			containerPortal = 320F2C48872C2E2C4DF86200 /* Three20UI.xcodeproj */;
			proxyType = 2;
			remoteGlobalIDString = EB9E6C6210B6A8F800DE563C;
			remoteInfo = Three20UIUnitTests;
		};
		BE9256851495C5DF00EB6BFB /* PBXContainerItemProxy */ = {
			isa = PBXContainerItemProxy;
			containerPortal = 3201088596B4756681693700 /* Three20UICommon.xcodeproj */;
			proxyType = 2;
			remoteGlobalIDString = EB9E6C6210B6A8F800DE563C;
			remoteInfo = Three20UICommonUnitTests;
		};
		BE9256881495C5DF00EB6BFB /* PBXContainerItemProxy */ = {
			isa = PBXContainerItemProxy;
			containerPortal = 320A737074758E53BA54BE90 /* Three20UINavigator.xcodeproj */;
			proxyType = 2;
			remoteGlobalIDString = EB9E6C6210B6A8F800DE563C;
			remoteInfo = Three20UINavigatorUnitTests;
		};
/* End PBXContainerItemProxy section */

/* Begin PBXFileReference section */
		3201088596B4756681693700 /* Three20UICommon.xcodeproj */ = {isa = PBXFileReference; lastKnownFileType = "wrapper.pb-project"; name = Three20UICommon.xcodeproj; path = vBulletin/three20/src/Three20UICommon/Three20UICommon.xcodeproj; sourceTree = SOURCE_ROOT; };
		320A2827FEC940B25BC42C60 /* Three20Core.xcodeproj */ = {isa = PBXFileReference; lastKnownFileType = "wrapper.pb-project"; name = Three20Core.xcodeproj; path = vBulletin/three20/src/Three20Core/Three20Core.xcodeproj; sourceTree = SOURCE_ROOT; };
		320A5A189C235877202780D0 /* Three20Network.xcodeproj */ = {isa = PBXFileReference; lastKnownFileType = "wrapper.pb-project"; name = Three20Network.xcodeproj; path = vBulletin/three20/src/Three20Network/Three20Network.xcodeproj; sourceTree = SOURCE_ROOT; };
		320A737074758E53BA54BE90 /* Three20UINavigator.xcodeproj */ = {isa = PBXFileReference; lastKnownFileType = "wrapper.pb-project"; name = Three20UINavigator.xcodeproj; path = vBulletin/three20/src/Three20UINavigator/Three20UINavigator.xcodeproj; sourceTree = SOURCE_ROOT; };
		320AF8492C47A4D819F7C450 /* QuartzCore.framework */ = {isa = PBXFileReference; lastKnownFileType = wrapper.frameworks; name = QuartzCore.framework; path = System/Library/Frameworks/QuartzCore.framework; sourceTree = SDKROOT; };
		320B6C86F11D9990244A9730 /* Three20.bundle */ = {isa = PBXFileReference; lastKnownFileType = "wrapper.plug-in"; name = Three20.bundle; path = vBulletin/three20/src/Three20.bundle; sourceTree = SOURCE_ROOT; };
		320CC833B8AF0ACFD35E6220 /* Three20Style.xcodeproj */ = {isa = PBXFileReference; lastKnownFileType = "wrapper.pb-project"; name = Three20Style.xcodeproj; path = vBulletin/three20/src/Three20Style/Three20Style.xcodeproj; sourceTree = SOURCE_ROOT; };
		320D7DCCE32703ACAB9A45E0 /* Three20.xcodeproj */ = {isa = PBXFileReference; lastKnownFileType = "wrapper.pb-project"; name = Three20.xcodeproj; path = vBulletin/three20/src/Three20/Three20.xcodeproj; sourceTree = SOURCE_ROOT; };
		320F2C48872C2E2C4DF86200 /* Three20UI.xcodeproj */ = {isa = PBXFileReference; lastKnownFileType = "wrapper.pb-project"; name = Three20UI.xcodeproj; path = vBulletin/three20/src/Three20UI/Three20UI.xcodeproj; sourceTree = SOURCE_ROOT; };
		BE20306114C7F4810009E7EA /* UITextField+Extended.h */ = {isa = PBXFileReference; fileEncoding = 4; lastKnownFileType = sourcecode.c.h; name = "UITextField+Extended.h"; path = "classes/init/textfields/UITextField+Extended.h"; sourceTree = "<group>"; };
		BE20306214C7F4810009E7EA /* UITextField+Extended.m */ = {isa = PBXFileReference; fileEncoding = 4; lastKnownFileType = sourcecode.c.objc; name = "UITextField+Extended.m"; path = "classes/init/textfields/UITextField+Extended.m"; sourceTree = "<group>"; };
		BE20306414CB1B770009E7EA /* LauncherController.h */ = {isa = PBXFileReference; fileEncoding = 4; lastKnownFileType = sourcecode.c.h; name = LauncherController.h; path = classes/launcher/LauncherController.h; sourceTree = "<group>"; };
		BE20306514CB1B770009E7EA /* LauncherController.m */ = {isa = PBXFileReference; fileEncoding = 4; lastKnownFileType = sourcecode.c.objc; name = LauncherController.m; path = classes/launcher/LauncherController.m; sourceTree = "<group>"; };
		BE4AF6D514BD62BD009733AB /* extThree20JSON.xcodeproj */ = {isa = PBXFileReference; lastKnownFileType = "wrapper.pb-project"; name = extThree20JSON.xcodeproj; path = vBulletin/three20/src/extThree20JSON/extThree20JSON.xcodeproj; sourceTree = "<group>"; };
		BE4AF77614BE8789009733AB /* vBulletin.bundle */ = {isa = PBXFileReference; lastKnownFileType = "wrapper.plug-in"; name = vBulletin.bundle; path = bundles/vBulletin.bundle; sourceTree = "<group>"; };
		BE92563F1495C36700EB6BFB /* Default.png */ = {isa = PBXFileReference; lastKnownFileType = image.png; path = Default.png; sourceTree = "<group>"; };
		BE9256421495C36B00EB6BFB /* Default@2x.png */ = {isa = PBXFileReference; lastKnownFileType = image.png; path = "Default@2x.png"; sourceTree = "<group>"; };
		BE9257571496E1BF00EB6BFB /* vBulletin-Info.plist */ = {isa = PBXFileReference; fileEncoding = 4; lastKnownFileType = text.plist.xml; name = "vBulletin-Info.plist"; path = "classes/init/configs/vBulletin-Info.plist"; sourceTree = "<group>"; };
		BE9257581496E1BF00EB6BFB /* vBulletin-Prefix.pch */ = {isa = PBXFileReference; fileEncoding = 4; lastKnownFileType = sourcecode.c.h; name = "vBulletin-Prefix.pch"; path = "classes/init/configs/vBulletin-Prefix.pch"; sourceTree = "<group>"; };
		BE9257591496E1BF00EB6BFB /* vBulletinAppDelegate.h */ = {isa = PBXFileReference; fileEncoding = 4; lastKnownFileType = sourcecode.c.h; name = vBulletinAppDelegate.h; path = classes/init/configs/vBulletinAppDelegate.h; sourceTree = "<group>"; };
		BE92575A1496E1BF00EB6BFB /* vBulletinAppDelegate.m */ = {isa = PBXFileReference; fileEncoding = 4; lastKnownFileType = sourcecode.c.objc; name = vBulletinAppDelegate.m; path = classes/init/configs/vBulletinAppDelegate.m; sourceTree = "<group>"; };
		BE92575D1496FA8200EB6BFB /* vBulletinConstants.h */ = {isa = PBXFileReference; fileEncoding = 4; lastKnownFileType = sourcecode.c.h; name = vBulletinConstants.h; path = classes/init/configs/vBulletinConstants.h; sourceTree = "<group>"; };
		BE9257D11498569E00EB6BFB /* AccountLoginController.h */ = {isa = PBXFileReference; fileEncoding = 4; lastKnownFileType = sourcecode.c.h; name = AccountLoginController.h; path = classes/account/authentication/AccountLoginController.h; sourceTree = "<group>"; };
		BE9257D21498569E00EB6BFB /* AccountLoginController.m */ = {isa = PBXFileReference; fileEncoding = 4; lastKnownFileType = sourcecode.c.objc; name = AccountLoginController.m; path = classes/account/authentication/AccountLoginController.m; sourceTree = "<group>"; };
		BE9257D5149857BD00EB6BFB /* UINavigationBar+CustomBackground.h */ = {isa = PBXFileReference; fileEncoding = 4; lastKnownFileType = sourcecode.c.h; name = "UINavigationBar+CustomBackground.h"; path = "classes/init/styles/UINavigationBar+CustomBackground.h"; sourceTree = "<group>"; };
		BE9257D6149857BD00EB6BFB /* UINavigationBar+CustomBackground.m */ = {isa = PBXFileReference; fileEncoding = 4; lastKnownFileType = sourcecode.c.objc; name = "UINavigationBar+CustomBackground.m"; path = "classes/init/styles/UINavigationBar+CustomBackground.m"; sourceTree = "<group>"; };
		BE9257D7149857BD00EB6BFB /* vBulletinStyleSheet.h */ = {isa = PBXFileReference; fileEncoding = 4; lastKnownFileType = sourcecode.c.h; name = vBulletinStyleSheet.h; path = classes/init/styles/vBulletinStyleSheet.h; sourceTree = "<group>"; };
		BE9257D8149857BD00EB6BFB /* vBulletinStyleSheet.m */ = {isa = PBXFileReference; fileEncoding = 4; lastKnownFileType = sourcecode.c.objc; name = vBulletinStyleSheet.m; path = classes/init/styles/vBulletinStyleSheet.m; sourceTree = "<group>"; };
		BEA11A6E1495C2410098110F /* vBulletin.app */ = {isa = PBXFileReference; explicitFileType = wrapper.application; includeInIndex = 0; path = vBulletin.app; sourceTree = BUILT_PRODUCTS_DIR; };
		BEA11A721495C2410098110F /* UIKit.framework */ = {isa = PBXFileReference; lastKnownFileType = wrapper.framework; name = UIKit.framework; path = System/Library/Frameworks/UIKit.framework; sourceTree = SDKROOT; };
		BEA11A741495C2410098110F /* Foundation.framework */ = {isa = PBXFileReference; lastKnownFileType = wrapper.framework; name = Foundation.framework; path = System/Library/Frameworks/Foundation.framework; sourceTree = SDKROOT; };
		BEA11A761495C2410098110F /* CoreGraphics.framework */ = {isa = PBXFileReference; lastKnownFileType = wrapper.framework; name = CoreGraphics.framework; path = System/Library/Frameworks/CoreGraphics.framework; sourceTree = SDKROOT; };
		BEA11A7C1495C2410098110F /* en */ = {isa = PBXFileReference; lastKnownFileType = text.plist.strings; name = en; path = en.lproj/InfoPlist.strings; sourceTree = "<group>"; };
		BEA11A7E1495C2410098110F /* main.m */ = {isa = PBXFileReference; lastKnownFileType = sourcecode.c.objc; path = main.m; sourceTree = "<group>"; };
		BEF4E17B14D648650036306B /* ForumHomeController.h */ = {isa = PBXFileReference; fileEncoding = 4; lastKnownFileType = sourcecode.c.h; name = ForumHomeController.h; path = classes/forums/home/ForumHomeController.h; sourceTree = "<group>"; };
		BEF4E17C14D648650036306B /* ForumHomeController.m */ = {isa = PBXFileReference; fileEncoding = 4; lastKnownFileType = sourcecode.c.objc; name = ForumHomeController.m; path = classes/forums/home/ForumHomeController.m; sourceTree = "<group>"; };
/* End PBXFileReference section */

/* Begin PBXFrameworksBuildPhase section */
		BEA11A6B1495C2410098110F /* Frameworks */ = {
			isa = PBXFrameworksBuildPhase;
			buildActionMask = 2147483647;
			files = (
				BE4AF6EF14BD6310009733AB /* libextThree20JSON+SBJSON.a in Frameworks */,
				3201088596B4756681693705 /* libThree20UICommon.a in Frameworks */,
				320D7DCCE32703ACAB9A45E5 /* libThree20.a in Frameworks */,
				320A737074758E53BA54BE95 /* libThree20UINavigator.a in Frameworks */,
				320A2827FEC940B25BC42C65 /* libThree20Core.a in Frameworks */,
				320F2C48872C2E2C4DF86205 /* libThree20UI.a in Frameworks */,
				320AF8492C47A4D819F7C451 /* QuartzCore.framework in Frameworks */,
				320A5A189C235877202780D5 /* libThree20Network.a in Frameworks */,
				320CC833B8AF0ACFD35E6225 /* libThree20Style.a in Frameworks */,
				BEA11A731495C2410098110F /* UIKit.framework in Frameworks */,
				BEA11A751495C2410098110F /* Foundation.framework in Frameworks */,
				BEA11A771495C2410098110F /* CoreGraphics.framework in Frameworks */,
			);
			runOnlyForDeploymentPostprocessing = 0;
		};
/* End PBXFrameworksBuildPhase section */

/* Begin PBXGroup section */
		3201088596B4756681693703 /* Products */ = {
			isa = PBXGroup;
			children = (
				3201088596B4756681693704 /* libThree20UICommon.a */,
				BE9256861495C5DF00EB6BFB /* UICommonUnitTests.octest */,
			);
			name = Products;
			sourceTree = "<group>";
		};
		320A2827FEC940B25BC42C63 /* Products */ = {
			isa = PBXGroup;
			children = (
				320A2827FEC940B25BC42C64 /* libThree20Core.a */,
				BE92567A1495C5DF00EB6BFB /* CoreUnitTests.octest */,
			);
			name = Products;
			sourceTree = "<group>";
		};
		320A5A189C235877202780D3 /* Products */ = {
			isa = PBXGroup;
			children = (
				320A5A189C235877202780D4 /* libThree20Network.a */,
				BE92567D1495C5DF00EB6BFB /* NetworkUnitTests.octest */,
			);
			name = Products;
			sourceTree = "<group>";
		};
		320A737074758E53BA54BE93 /* Products */ = {
			isa = PBXGroup;
			children = (
				320A737074758E53BA54BE94 /* libThree20UINavigator.a */,
				BE9256891495C5DF00EB6BFB /* UINavigatorUnitTests.octest */,
			);
			name = Products;
			sourceTree = "<group>";
		};
		320CC833B8AF0ACFD35E6223 /* Products */ = {
			isa = PBXGroup;
			children = (
				320CC833B8AF0ACFD35E6224 /* libThree20Style.a */,
				BE9256801495C5DF00EB6BFB /* StyleUnitTests.octest */,
			);
			name = Products;
			sourceTree = "<group>";
		};
		320D7DCCE32703ACAB9A45E3 /* Products */ = {
			isa = PBXGroup;
			children = (
				320D7DCCE32703ACAB9A45E4 /* libThree20.a */,
				BE9256771495C5DF00EB6BFB /* Three20UnitTests.octest */,
			);
			name = Products;
			sourceTree = "<group>";
		};
		320F2C48872C2E2C4DF86203 /* Products */ = {
			isa = PBXGroup;
			children = (
				320F2C48872C2E2C4DF86204 /* libThree20UI.a */,
				BE9256831495C5DF00EB6BFB /* UIUnitTests.octest */,
			);
			name = Products;
			sourceTree = "<group>";
		};
		BE20305D14C7F3F60009E7EA /* TextFields */ = {
			isa = PBXGroup;
			children = (
				BE20306114C7F4810009E7EA /* UITextField+Extended.h */,
				BE20306214C7F4810009E7EA /* UITextField+Extended.m */,
			);
			name = TextFields;
			sourceTree = "<group>";
		};
		BE4AF6D614BD62BD009733AB /* Products */ = {
			isa = PBXGroup;
			children = (
				BE4AF6E214BD62BD009733AB /* libextThree20JSON+SBJSON.a */,
				BE4AF6E414BD62BD009733AB /* libextThree20JSON+YAJL.a */,
				BE4AF6E614BD62BD009733AB /* extJSONUnitTests+SBJSON.octest */,
			);
			name = Products;
			sourceTree = "<group>";
		};
		BE9257481496D46100EB6BFB /* Classes */ = {
			isa = PBXGroup;
			children = (
				BE92574E1496D48100EB6BFB /* Init */,
				BE92574D1496D48000EB6BFB /* Account */,
				BE92574C1496D47E00EB6BFB /* Launcher */,
				BEF4E17914D647F90036306B /* Forums */,
				BE92574B1496D47900EB6BFB /* Private */,
				BE92574A1496D47600EB6BFB /* Subscriptions */,
				BE9257491496D46F00EB6BFB /* Notifications */,
			);
			name = Classes;
			path = vBulletin;
			sourceTree = "<group>";
		};
		BE9257491496D46F00EB6BFB /* Notifications */ = {
			isa = PBXGroup;
			children = (
			);
			name = Notifications;
			sourceTree = "<group>";
		};
		BE92574A1496D47600EB6BFB /* Subscriptions */ = {
			isa = PBXGroup;
			children = (
			);
			name = Subscriptions;
			sourceTree = "<group>";
		};
		BE92574B1496D47900EB6BFB /* Private */ = {
			isa = PBXGroup;
			children = (
			);
			name = Private;
			sourceTree = "<group>";
		};
		BE92574C1496D47E00EB6BFB /* Launcher */ = {
			isa = PBXGroup;
			children = (
				BE20306414CB1B770009E7EA /* LauncherController.h */,
				BE20306514CB1B770009E7EA /* LauncherController.m */,
			);
			name = Launcher;
			sourceTree = "<group>";
		};
		BE92574D1496D48000EB6BFB /* Account */ = {
			isa = PBXGroup;
			children = (
				BE9257D01498566400EB6BFB /* Authentication */,
			);
			name = Account;
			sourceTree = "<group>";
		};
		BE92574E1496D48100EB6BFB /* Init */ = {
			isa = PBXGroup;
			children = (
				BE9257531496D4CD00EB6BFB /* Configs */,
				BE9257521496D4CB00EB6BFB /* Styles */,
				BE9257511496D4C900EB6BFB /* Request */,
				BE9257501496D4C800EB6BFB /* Controllers */,
				BE92574F1496D4C600EB6BFB /* Helpers */,
				BE20305D14C7F3F60009E7EA /* TextFields */,
			);
			name = Init;
			sourceTree = "<group>";
		};
		BE92574F1496D4C600EB6BFB /* Helpers */ = {
			isa = PBXGroup;
			children = (
			);
			name = Helpers;
			sourceTree = "<group>";
		};
		BE9257501496D4C800EB6BFB /* Controllers */ = {
			isa = PBXGroup;
			children = (
			);
			name = Controllers;
			sourceTree = "<group>";
		};
		BE9257511496D4C900EB6BFB /* Request */ = {
			isa = PBXGroup;
			children = (
			);
			name = Request;
			sourceTree = "<group>";
		};
		BE9257521496D4CB00EB6BFB /* Styles */ = {
			isa = PBXGroup;
			children = (
				BE9257D5149857BD00EB6BFB /* UINavigationBar+CustomBackground.h */,
				BE9257D6149857BD00EB6BFB /* UINavigationBar+CustomBackground.m */,
				BE9257D7149857BD00EB6BFB /* vBulletinStyleSheet.h */,
				BE9257D8149857BD00EB6BFB /* vBulletinStyleSheet.m */,
			);
			name = Styles;
			sourceTree = "<group>";
		};
		BE9257531496D4CD00EB6BFB /* Configs */ = {
			isa = PBXGroup;
			children = (
				BE92575D1496FA8200EB6BFB /* vBulletinConstants.h */,
				BE9257591496E1BF00EB6BFB /* vBulletinAppDelegate.h */,
				BE92575A1496E1BF00EB6BFB /* vBulletinAppDelegate.m */,
				BE9257571496E1BF00EB6BFB /* vBulletin-Info.plist */,
				BE9257581496E1BF00EB6BFB /* vBulletin-Prefix.pch */,
			);
			name = Configs;
			sourceTree = "<group>";
		};
		BE9257D01498566400EB6BFB /* Authentication */ = {
			isa = PBXGroup;
			children = (
				BE9257D11498569E00EB6BFB /* AccountLoginController.h */,
				BE9257D21498569E00EB6BFB /* AccountLoginController.m */,
			);
			name = Authentication;
			sourceTree = "<group>";
		};
		BEA11A631495C2410098110F = {
			isa = PBXGroup;
			children = (
				BE9256421495C36B00EB6BFB /* Default@2x.png */,
				BE92563F1495C36700EB6BFB /* Default.png */,
				BE9257481496D46100EB6BFB /* Classes */,
				BEA11A791495C2410098110F /* Supporting Files */,
				BEA11A711495C2410098110F /* Frameworks */,
				BEA11A6F1495C2410098110F /* Products */,
			);
			sourceTree = "<group>";
		};
		BEA11A6F1495C2410098110F /* Products */ = {
			isa = PBXGroup;
			children = (
				BEA11A6E1495C2410098110F /* vBulletin.app */,
			);
			name = Products;
			sourceTree = "<group>";
		};
		BEA11A711495C2410098110F /* Frameworks */ = {
			isa = PBXGroup;
			children = (
				BE4AF6D514BD62BD009733AB /* extThree20JSON.xcodeproj */,
				3201088596B4756681693700 /* Three20UICommon.xcodeproj */,
				320D7DCCE32703ACAB9A45E0 /* Three20.xcodeproj */,
				320A737074758E53BA54BE90 /* Three20UINavigator.xcodeproj */,
				320A2827FEC940B25BC42C60 /* Three20Core.xcodeproj */,
				320F2C48872C2E2C4DF86200 /* Three20UI.xcodeproj */,
				320A5A189C235877202780D0 /* Three20Network.xcodeproj */,
				320CC833B8AF0ACFD35E6220 /* Three20Style.xcodeproj */,
				320AF8492C47A4D819F7C450 /* QuartzCore.framework */,
				BEA11A721495C2410098110F /* UIKit.framework */,
				BEA11A741495C2410098110F /* Foundation.framework */,
				BEA11A761495C2410098110F /* CoreGraphics.framework */,
			);
			name = Frameworks;
			sourceTree = "<group>";
		};
		BEA11A791495C2410098110F /* Supporting Files */ = {
			isa = PBXGroup;
			children = (
				BE4AF77614BE8789009733AB /* vBulletin.bundle */,
				320B6C86F11D9990244A9730 /* Three20.bundle */,
				BEA11A7B1495C2410098110F /* InfoPlist.strings */,
				BEA11A7E1495C2410098110F /* main.m */,
			);
			name = "Supporting Files";
			path = vBulletin;
			sourceTree = "<group>";
		};
		BEF4E17914D647F90036306B /* Forums */ = {
			isa = PBXGroup;
			children = (
				BEF4E17A14D6480D0036306B /* Home */,
			);
			name = Forums;
			sourceTree = "<group>";
		};
		BEF4E17A14D6480D0036306B /* Home */ = {
			isa = PBXGroup;
			children = (
				BEF4E17B14D648650036306B /* ForumHomeController.h */,
				BEF4E17C14D648650036306B /* ForumHomeController.m */,
			);
			name = Home;
			sourceTree = "<group>";
		};
/* End PBXGroup section */

/* Begin PBXNativeTarget section */
		BEA11A6D1495C2410098110F /* vBulletin */ = {
			isa = PBXNativeTarget;
			buildConfigurationList = BEA11A861495C2410098110F /* Build configuration list for PBXNativeTarget "vBulletin" */;
			buildPhases = (
				BEA11A6A1495C2410098110F /* Sources */,
				BEA11A6B1495C2410098110F /* Frameworks */,
				BEA11A6C1495C2410098110F /* Resources */,
			);
			buildRules = (
			);
			dependencies = (
				BE4AF6F114BD6321009733AB /* PBXTargetDependency */,
				3201088596B4756681693701 /* PBXTargetDependency */,
				320D7DCCE32703ACAB9A45E1 /* PBXTargetDependency */,
				320A737074758E53BA54BE91 /* PBXTargetDependency */,
				320A2827FEC940B25BC42C61 /* PBXTargetDependency */,
				320F2C48872C2E2C4DF86201 /* PBXTargetDependency */,
				320A5A189C235877202780D1 /* PBXTargetDependency */,
				320CC833B8AF0ACFD35E6221 /* PBXTargetDependency */,
			);
			name = vBulletin;
			productName = vBulletin;
			productReference = BEA11A6E1495C2410098110F /* vBulletin.app */;
			productType = "com.apple.product-type.application";
		};
/* End PBXNativeTarget section */

/* Begin PBXProject section */
		BEA11A651495C2410098110F /* Project object */ = {
			isa = PBXProject;
			attributes = {
				LastUpgradeCheck = 0420;
			};
			buildConfigurationList = BEA11A681495C2410098110F /* Build configuration list for PBXProject "vBulletin" */;
			compatibilityVersion = "Xcode 3.2";
			developmentRegion = English;
			hasScannedForEncodings = 0;
			knownRegions = (
				en,
			);
			mainGroup = BEA11A631495C2410098110F;
			productRefGroup = BEA11A6F1495C2410098110F /* Products */;
			projectDirPath = "";
			projectReferences = (
				{
					ProductGroup = BE4AF6D614BD62BD009733AB /* Products */;
					ProjectRef = BE4AF6D514BD62BD009733AB /* extThree20JSON.xcodeproj */;
				},
				{
					ProductGroup = 320D7DCCE32703ACAB9A45E3 /* Products */;
					ProjectRef = 320D7DCCE32703ACAB9A45E0 /* Three20.xcodeproj */;
				},
				{
					ProductGroup = 320A2827FEC940B25BC42C63 /* Products */;
					ProjectRef = 320A2827FEC940B25BC42C60 /* Three20Core.xcodeproj */;
				},
				{
					ProductGroup = 320A5A189C235877202780D3 /* Products */;
					ProjectRef = 320A5A189C235877202780D0 /* Three20Network.xcodeproj */;
				},
				{
					ProductGroup = 320CC833B8AF0ACFD35E6223 /* Products */;
					ProjectRef = 320CC833B8AF0ACFD35E6220 /* Three20Style.xcodeproj */;
				},
				{
					ProductGroup = 320F2C48872C2E2C4DF86203 /* Products */;
					ProjectRef = 320F2C48872C2E2C4DF86200 /* Three20UI.xcodeproj */;
				},
				{
					ProductGroup = 3201088596B4756681693703 /* Products */;
					ProjectRef = 3201088596B4756681693700 /* Three20UICommon.xcodeproj */;
				},
				{
					ProductGroup = 320A737074758E53BA54BE93 /* Products */;
					ProjectRef = 320A737074758E53BA54BE90 /* Three20UINavigator.xcodeproj */;
				},
			);
			projectRoot = "";
			targets = (
				BEA11A6D1495C2410098110F /* vBulletin */,
			);
		};
/* End PBXProject section */

/* Begin PBXReferenceProxy section */
		3201088596B4756681693704 /* libThree20UICommon.a */ = {
			isa = PBXReferenceProxy;
			fileType = archive.ar;
			path = libThree20UICommon.a;
			remoteRef = 3201088596B4756681693706 /* PBXContainerItemProxy */;
			sourceTree = BUILT_PRODUCTS_DIR;
		};
		320A2827FEC940B25BC42C64 /* libThree20Core.a */ = {
			isa = PBXReferenceProxy;
			fileType = archive.ar;
			path = libThree20Core.a;
			remoteRef = 320A2827FEC940B25BC42C66 /* PBXContainerItemProxy */;
			sourceTree = BUILT_PRODUCTS_DIR;
		};
		320A5A189C235877202780D4 /* libThree20Network.a */ = {
			isa = PBXReferenceProxy;
			fileType = archive.ar;
			path = libThree20Network.a;
			remoteRef = 320A5A189C235877202780D6 /* PBXContainerItemProxy */;
			sourceTree = BUILT_PRODUCTS_DIR;
		};
		320A737074758E53BA54BE94 /* libThree20UINavigator.a */ = {
			isa = PBXReferenceProxy;
			fileType = archive.ar;
			path = libThree20UINavigator.a;
			remoteRef = 320A737074758E53BA54BE96 /* PBXContainerItemProxy */;
			sourceTree = BUILT_PRODUCTS_DIR;
		};
		320CC833B8AF0ACFD35E6224 /* libThree20Style.a */ = {
			isa = PBXReferenceProxy;
			fileType = archive.ar;
			path = libThree20Style.a;
			remoteRef = 320CC833B8AF0ACFD35E6226 /* PBXContainerItemProxy */;
			sourceTree = BUILT_PRODUCTS_DIR;
		};
		320D7DCCE32703ACAB9A45E4 /* libThree20.a */ = {
			isa = PBXReferenceProxy;
			fileType = archive.ar;
			path = libThree20.a;
			remoteRef = 320D7DCCE32703ACAB9A45E6 /* PBXContainerItemProxy */;
			sourceTree = BUILT_PRODUCTS_DIR;
		};
		320F2C48872C2E2C4DF86204 /* libThree20UI.a */ = {
			isa = PBXReferenceProxy;
			fileType = archive.ar;
			path = libThree20UI.a;
			remoteRef = 320F2C48872C2E2C4DF86206 /* PBXContainerItemProxy */;
			sourceTree = BUILT_PRODUCTS_DIR;
		};
		BE4AF6E214BD62BD009733AB /* libextThree20JSON+SBJSON.a */ = {
			isa = PBXReferenceProxy;
			fileType = archive.ar;
			path = "libextThree20JSON+SBJSON.a";
			remoteRef = BE4AF6E114BD62BD009733AB /* PBXContainerItemProxy */;
			sourceTree = BUILT_PRODUCTS_DIR;
		};
		BE4AF6E414BD62BD009733AB /* libextThree20JSON+YAJL.a */ = {
			isa = PBXReferenceProxy;
			fileType = archive.ar;
			path = "libextThree20JSON+YAJL.a";
			remoteRef = BE4AF6E314BD62BD009733AB /* PBXContainerItemProxy */;
			sourceTree = BUILT_PRODUCTS_DIR;
		};
		BE4AF6E614BD62BD009733AB /* extJSONUnitTests+SBJSON.octest */ = {
			isa = PBXReferenceProxy;
			fileType = wrapper.cfbundle;
			path = "extJSONUnitTests+SBJSON.octest";
			remoteRef = BE4AF6E514BD62BD009733AB /* PBXContainerItemProxy */;
			sourceTree = BUILT_PRODUCTS_DIR;
		};
		BE9256771495C5DF00EB6BFB /* Three20UnitTests.octest */ = {
			isa = PBXReferenceProxy;
			fileType = wrapper.cfbundle;
			path = Three20UnitTests.octest;
			remoteRef = BE9256761495C5DF00EB6BFB /* PBXContainerItemProxy */;
			sourceTree = BUILT_PRODUCTS_DIR;
		};
		BE92567A1495C5DF00EB6BFB /* CoreUnitTests.octest */ = {
			isa = PBXReferenceProxy;
			fileType = wrapper.cfbundle;
			path = CoreUnitTests.octest;
			remoteRef = BE9256791495C5DF00EB6BFB /* PBXContainerItemProxy */;
			sourceTree = BUILT_PRODUCTS_DIR;
		};
		BE92567D1495C5DF00EB6BFB /* NetworkUnitTests.octest */ = {
			isa = PBXReferenceProxy;
			fileType = wrapper.cfbundle;
			path = NetworkUnitTests.octest;
			remoteRef = BE92567C1495C5DF00EB6BFB /* PBXContainerItemProxy */;
			sourceTree = BUILT_PRODUCTS_DIR;
		};
		BE9256801495C5DF00EB6BFB /* StyleUnitTests.octest */ = {
			isa = PBXReferenceProxy;
			fileType = wrapper.cfbundle;
			path = StyleUnitTests.octest;
			remoteRef = BE92567F1495C5DF00EB6BFB /* PBXContainerItemProxy */;
			sourceTree = BUILT_PRODUCTS_DIR;
		};
		BE9256831495C5DF00EB6BFB /* UIUnitTests.octest */ = {
			isa = PBXReferenceProxy;
			fileType = wrapper.cfbundle;
			path = UIUnitTests.octest;
			remoteRef = BE9256821495C5DF00EB6BFB /* PBXContainerItemProxy */;
			sourceTree = BUILT_PRODUCTS_DIR;
		};
		BE9256861495C5DF00EB6BFB /* UICommonUnitTests.octest */ = {
			isa = PBXReferenceProxy;
			fileType = wrapper.cfbundle;
			path = UICommonUnitTests.octest;
			remoteRef = BE9256851495C5DF00EB6BFB /* PBXContainerItemProxy */;
			sourceTree = BUILT_PRODUCTS_DIR;
		};
		BE9256891495C5DF00EB6BFB /* UINavigatorUnitTests.octest */ = {
			isa = PBXReferenceProxy;
			fileType = wrapper.cfbundle;
			path = UINavigatorUnitTests.octest;
			remoteRef = BE9256881495C5DF00EB6BFB /* PBXContainerItemProxy */;
			sourceTree = BUILT_PRODUCTS_DIR;
		};
/* End PBXReferenceProxy section */

/* Begin PBXResourcesBuildPhase section */
		BEA11A6C1495C2410098110F /* Resources */ = {
			isa = PBXResourcesBuildPhase;
			buildActionMask = 2147483647;
			files = (
				320B6C86F11D9990244A9731 /* Three20.bundle in Resources */,
				BEA11A7D1495C2410098110F /* InfoPlist.strings in Resources */,
				BE9256401495C36700EB6BFB /* Default.png in Resources */,
				BE9256431495C36B00EB6BFB /* Default@2x.png in Resources */,
				BE92575B1496E1BF00EB6BFB /* vBulletin-Info.plist in Resources */,
				BE4AF77714BE8789009733AB /* vBulletin.bundle in Resources */,
			);
			runOnlyForDeploymentPostprocessing = 0;
		};
/* End PBXResourcesBuildPhase section */

/* Begin PBXSourcesBuildPhase section */
		BEA11A6A1495C2410098110F /* Sources */ = {
			isa = PBXSourcesBuildPhase;
			buildActionMask = 2147483647;
			files = (
				BEA11A7F1495C2410098110F /* main.m in Sources */,
				BE92575C1496E1BF00EB6BFB /* vBulletinAppDelegate.m in Sources */,
				BE9257D31498569E00EB6BFB /* AccountLoginController.m in Sources */,
				BE9257D9149857BD00EB6BFB /* UINavigationBar+CustomBackground.m in Sources */,
				BE9257DA149857BD00EB6BFB /* vBulletinStyleSheet.m in Sources */,
				BE20306314C7F4810009E7EA /* UITextField+Extended.m in Sources */,
				BE20306614CB1B770009E7EA /* LauncherController.m in Sources */,
				BEF4E17D14D648650036306B /* ForumHomeController.m in Sources */,
			);
			runOnlyForDeploymentPostprocessing = 0;
		};
/* End PBXSourcesBuildPhase section */

/* Begin PBXTargetDependency section */
		3201088596B4756681693701 /* PBXTargetDependency */ = {
			isa = PBXTargetDependency;
			name = Three20UICommon;
			targetProxy = 3201088596B4756681693702 /* PBXContainerItemProxy */;
		};
		320A2827FEC940B25BC42C61 /* PBXTargetDependency */ = {
			isa = PBXTargetDependency;
			name = Three20Core;
			targetProxy = 320A2827FEC940B25BC42C62 /* PBXContainerItemProxy */;
		};
		320A5A189C235877202780D1 /* PBXTargetDependency */ = {
			isa = PBXTargetDependency;
			name = Three20Network;
			targetProxy = 320A5A189C235877202780D2 /* PBXContainerItemProxy */;
		};
		320A737074758E53BA54BE91 /* PBXTargetDependency */ = {
			isa = PBXTargetDependency;
			name = Three20UINavigator;
			targetProxy = 320A737074758E53BA54BE92 /* PBXContainerItemProxy */;
		};
		320CC833B8AF0ACFD35E6221 /* PBXTargetDependency */ = {
			isa = PBXTargetDependency;
			name = Three20Style;
			targetProxy = 320CC833B8AF0ACFD35E6222 /* PBXContainerItemProxy */;
		};
		320D7DCCE32703ACAB9A45E1 /* PBXTargetDependency */ = {
			isa = PBXTargetDependency;
			name = Three20;
			targetProxy = 320D7DCCE32703ACAB9A45E2 /* PBXContainerItemProxy */;
		};
		320F2C48872C2E2C4DF86201 /* PBXTargetDependency */ = {
			isa = PBXTargetDependency;
			name = Three20UI;
			targetProxy = 320F2C48872C2E2C4DF86202 /* PBXContainerItemProxy */;
		};
		BE4AF6F114BD6321009733AB /* PBXTargetDependency */ = {
			isa = PBXTargetDependency;
			name = "extThree20JSON+SBJSON";
			targetProxy = BE4AF6F014BD6321009733AB /* PBXContainerItemProxy */;
		};
/* End PBXTargetDependency section */

/* Begin PBXVariantGroup section */
		BEA11A7B1495C2410098110F /* InfoPlist.strings */ = {
			isa = PBXVariantGroup;
			children = (
				BEA11A7C1495C2410098110F /* en */,
			);
			name = InfoPlist.strings;
			sourceTree = "<group>";
		};
/* End PBXVariantGroup section */

/* Begin XCBuildConfiguration section */
		BEA11A841495C2410098110F /* Debug */ = {
			isa = XCBuildConfiguration;
			buildSettings = {
				ALWAYS_SEARCH_USER_PATHS = NO;
				ARCHS = "$(ARCHS_STANDARD_32_BIT)";
				CLANG_ENABLE_OBJC_ARC = YES;
				"CODE_SIGN_IDENTITY[sdk=iphoneos*]" = "iPhone Developer";
				COPY_PHASE_STRIP = NO;
				GCC_C_LANGUAGE_STANDARD = gnu99;
				GCC_DYNAMIC_NO_PIC = NO;
				GCC_OPTIMIZATION_LEVEL = 0;
				GCC_PREPROCESSOR_DEFINITIONS = (
					"DEBUG=1",
					"$(inherited)",
				);
				GCC_SYMBOLS_PRIVATE_EXTERN = NO;
				GCC_VERSION = com.apple.compilers.llvm.clang.1_0;
				GCC_WARN_ABOUT_MISSING_PROTOTYPES = YES;
				GCC_WARN_ABOUT_RETURN_TYPE = YES;
				GCC_WARN_UNUSED_VARIABLE = YES;
				HEADER_SEARCH_PATHS = (
					"$(BUILT_PRODUCTS_DIR)/../three20",
					"$(BUILT_PRODUCTS_DIR)/../../three20",
					vBulletin/three20/Build/Products/three20,
				);
				IPHONEOS_DEPLOYMENT_TARGET = 5.0;
				OTHER_LDFLAGS = "-ObjC";
				SDKROOT = iphoneos;
			};
			name = Debug;
		};
		BEA11A851495C2410098110F /* Release */ = {
			isa = XCBuildConfiguration;
			buildSettings = {
				ALWAYS_SEARCH_USER_PATHS = NO;
				ARCHS = "$(ARCHS_STANDARD_32_BIT)";
				CLANG_ENABLE_OBJC_ARC = YES;
				"CODE_SIGN_IDENTITY[sdk=iphoneos*]" = "iPhone Developer";
				COPY_PHASE_STRIP = YES;
				GCC_C_LANGUAGE_STANDARD = gnu99;
				GCC_VERSION = com.apple.compilers.llvm.clang.1_0;
				GCC_WARN_ABOUT_MISSING_PROTOTYPES = YES;
				GCC_WARN_ABOUT_RETURN_TYPE = YES;
				GCC_WARN_UNUSED_VARIABLE = YES;
				HEADER_SEARCH_PATHS = (
					"$(BUILT_PRODUCTS_DIR)/../three20",
					"$(BUILT_PRODUCTS_DIR)/../../three20",
					vBulletin/three20/Build/Products/three20,
				);
				IPHONEOS_DEPLOYMENT_TARGET = 5.0;
				OTHER_CFLAGS = "-DNS_BLOCK_ASSERTIONS=1";
				OTHER_LDFLAGS = "-ObjC";
				SDKROOT = iphoneos;
				VALIDATE_PRODUCT = YES;
			};
			name = Release;
		};
		BEA11A871495C2410098110F /* Debug */ = {
			isa = XCBuildConfiguration;
			buildSettings = {
				GCC_PRECOMPILE_PREFIX_HEADER = YES;
				GCC_PREFIX_HEADER = "vBulletin/classes/init/configs/vBulletin-Prefix.pch";
				INFOPLIST_FILE = "vBulletin/classes/init/configs/vBulletin-Info.plist";
				PRODUCT_NAME = "$(TARGET_NAME)";
				WRAPPER_EXTENSION = app;
			};
			name = Debug;
		};
		BEA11A881495C2410098110F /* Release */ = {
			isa = XCBuildConfiguration;
			buildSettings = {
				GCC_PRECOMPILE_PREFIX_HEADER = YES;
				GCC_PREFIX_HEADER = "vBulletin/classes/init/configs/vBulletin-Prefix.pch";
				INFOPLIST_FILE = "vBulletin/classes/init/configs/vBulletin-Info.plist";
				PRODUCT_NAME = "$(TARGET_NAME)";
				WRAPPER_EXTENSION = app;
			};
			name = Release;
		};
/* End XCBuildConfiguration section */

/* Begin XCConfigurationList section */
		BEA11A681495C2410098110F /* Build configuration list for PBXProject "vBulletin" */ = {
			isa = XCConfigurationList;
			buildConfigurations = (
				BEA11A841495C2410098110F /* Debug */,
				BEA11A851495C2410098110F /* Release */,
			);
			defaultConfigurationIsVisible = 0;
			defaultConfigurationName = Release;
		};
		BEA11A861495C2410098110F /* Build configuration list for PBXNativeTarget "vBulletin" */ = {
			isa = XCConfigurationList;
			buildConfigurations = (
				BEA11A871495C2410098110F /* Debug */,
				BEA11A881495C2410098110F /* Release */,
			);
			defaultConfigurationIsVisible = 0;
			defaultConfigurationName = Release;
		};
/* End XCConfigurationList section */
	};
	rootObject = BEA11A651495C2410098110F /* Project object */;
}
